
Microsoft Visual Studio Solution File, Format Version 12.00
# Visual Studio 15
VisualStudioVersion = 15.0.27428.2043
MinimumVisualStudioVersion = 10.0.40219.1
Project("{FAE04EC0-301F-11D3-BF4B-00C04F79EFBC}") = "StockControl", "StockControl\StockControl.csproj", "{553BDC7F-15B7-4A2A-A1CD-27DD7DC3B62A}"
EndProject
Global
	GlobalSection(SolutionConfigurationPlatforms) = preSolution
		Debug|Any CPU = Debug|Any CPU
		Release|Any CPU = Release|Any CPU
	EndGlobalSection
	GlobalSection(ProjectConfigurationPlatforms) = postSolution
		{553BDC7F-15B7-4A2A-A1CD-27DD7DC3B62A}.Debug|Any CPU.ActiveCfg = Debug|Any CPU
		{553BDC7F-15B7-4A2A-A1CD-27DD7DC3B62A}.Debug|Any CPU.Build.0 = Debug|Any CPU
		{553BDC7F-15B7-4A2A-A1CD-27DD7DC3B62A}.Release|Any CPU.ActiveCfg = Release|Any CPU
		{553BDC7F-15B7-4A2A-A1CD-27DD7DC3B62A}.Release|Any CPU.Build.0 = Release|Any CPU
	EndGlobalSection
	GlobalSection(SolutionProperties) = preSolution
		HideSolutionNode = FALSE
	EndGlobalSection
	GlobalSection(ExtensibilityGlobals) = postSolution
		SolutionGuid = {87A5AE47-4C32-45BB-8E65-087189013552}
	EndGlobalSection
EndGlobal
